github.com/hailocab/go-geoindex v0.0.0-20160127134810-64631bfe9711 h1:Oi8hPOZX0gaM2sPVXse2bMpfOjP47a7O61YuB6Z4sGk=
github.com/hailocab/go-geoindex v0.0.0-20160127134810-64631bfe9711/go.mod h1:+v2qJ3UZe4q2GfgZO4od004F/cMgJbmPSs7dD/ZMUkY=
go.mongodb.org/mongo-driver v1.15.0 h1:rJCKC8eEliewXjZGf0ddURtl7tTVy1TK3bfl0gkUSLc=
go.mongodb.org/mongo-driver v1.15.0/go.mod h1:Vzb0Mk/pa7e6cWw85R4F/endUC3u0U9jGcNU603k65c=
golang.org/x/exp v0.0.0-20240416160154-fe59bbe5cc7f h1:99ci1mjWVBWwJiEKYY6jWa4d2nTQVIEhZIptnrVb1XY=
golang.org/x/exp v0.0.0-20240416160154-fe59bbe5cc7f/go.mod h1:/lliqkxwWAhPjf5oSOIJup2XcqJaw8RGS6k3TGEc7GI=
